{
    "_meta": {
        "hash": {
            "sha256": "bc8095391559dd5bb6ddf0efb137d9f4b1ca1a20cc591aa9087b7bba6ea1409f"
        },
        "pipfile-spec": 6,
        "requires": {
            "python_version": "3.10"
        },
        "sources": [
            {
                "name": "pypi",
                "url": "https://pypi.org/simple",
                "verify_ssl": true
            }
        ]
    },
    "default": {
        "asgiref": {
            "hashes": [
                "sha256:2f8abc20f7248433085eda803936d98992f1343ddb022065779f37c5da0181d0",
                "sha256:88d59c13d634dcffe0510be048210188edd79aeccb6a6c9028cdad6f31d730a9"
            ],
            "markers": "python_version >= '3.7'",
            "version": "==3.5.0"
        },
        "cart": {
            "hashes": [
                "sha256:4562fc180d76ab46c830c33abe4948ac9b08f8d3f1eb8ad35f534cab61d7a8b5"
            ],
            "index": "pypi",
            "version": "==1.2.1"
        },
        "django": {
            "hashes": [
                "sha256:110fb58fb12eca59e072ad59fc42d771cd642dd7a2f2416582aa9da7a8ef954a",
                "sha256:996495c58bff749232426c88726d8cd38d24c94d7c1d80835aafffa9bc52985a"
            ],
            "index": "pypi",
            "version": "==4.0.2"
        },
        "djangorestframework": {
            "hashes": [
                "sha256:0c33407ce23acc68eca2a6e46424b008c9c02eceb8cf18581921d0092bc1f2ee",
                "sha256:24c4bf58ed7e85d1fe4ba250ab2da926d263cd57d64b03e8dcef0ac683f8b1aa"
            ],
            "index": "pypi",
            "version": "==3.13.1"
        },
        "djangorestframework-simplejwt": {
            "hashes": [
                "sha256:30b10e7732395c44d21980f773214d2b9bdeadf2a6c6809cd1a7c9abe272873c",
                "sha256:ddcbeef51155d1e71410dde44b581c7e04cfb74776f5337661ac3ef4c0c367e6"
            ],
            "index": "pypi",
            "version": "==5.0.0"
        },
        "psycopg2-binary": {
            "hashes": [
                "sha256:01310cf4cf26db9aea5158c217caa92d291f0500051a6469ac52166e1a16f5b7",
                "sha256:083a55275f09a62b8ca4902dd11f4b33075b743cf0d360419e2051a8a5d5ff76",
                "sha256:090f3348c0ab2cceb6dfbe6bf721ef61262ddf518cd6cc6ecc7d334996d64efa",
                "sha256:0a29729145aaaf1ad8bafe663131890e2111f13416b60e460dae0a96af5905c9",
                "sha256:0c9d5450c566c80c396b7402895c4369a410cab5a82707b11aee1e624da7d004",
                "sha256:10bb90fb4d523a2aa67773d4ff2b833ec00857f5912bafcfd5f5414e45280fb1",
                "sha256:12b11322ea00ad8db8c46f18b7dfc47ae215e4df55b46c67a94b4effbaec7094",
                "sha256:152f09f57417b831418304c7f30d727dc83a12761627bb826951692cc6491e57",
                "sha256:15803fa813ea05bef089fa78835118b5434204f3a17cb9f1e5dbfd0b9deea5af",
                "sha256:15c4e4cfa45f5a60599d9cec5f46cd7b1b29d86a6390ec23e8eebaae84e64554",
                "sha256:183a517a3a63503f70f808b58bfbf962f23d73b6dccddae5aa56152ef2bcb232",
                "sha256:1f14c8b0942714eb3c74e1e71700cbbcb415acbc311c730370e70c578a44a25c",
                "sha256:1f6b813106a3abdf7b03640d36e24669234120c72e91d5cbaeb87c5f7c36c65b",
                "sha256:280b0bb5cbfe8039205c7981cceb006156a675362a00fe29b16fbc264e242834",
                "sha256:2d872e3c9d5d075a2e104540965a1cf898b52274a5923936e5bfddb58c59c7c2",
                "sha256:2f9ffd643bc7349eeb664eba8864d9e01f057880f510e4681ba40a6532f93c71",
                "sha256:3303f8807f342641851578ee7ed1f3efc9802d00a6f83c101d21c608cb864460",
                "sha256:35168209c9d51b145e459e05c31a9eaeffa9a6b0fd61689b48e07464ffd1a83e",
                "sha256:3a79d622f5206d695d7824cbf609a4f5b88ea6d6dab5f7c147fc6d333a8787e4",
                "sha256:404224e5fef3b193f892abdbf8961ce20e0b6642886cfe1fe1923f41aaa75c9d",
                "sha256:46f0e0a6b5fa5851bbd9ab1bc805eef362d3a230fbdfbc209f4a236d0a7a990d",
                "sha256:47133f3f872faf28c1e87d4357220e809dfd3fa7c64295a4a148bcd1e6e34ec9",
                "sha256:526ea0378246d9b080148f2d6681229f4b5964543c170dd10bf4faaab6e0d27f",
                "sha256:53293533fcbb94c202b7c800a12c873cfe24599656b341f56e71dd2b557be063",
                "sha256:539b28661b71da7c0e428692438efbcd048ca21ea81af618d845e06ebfd29478",
                "sha256:57804fc02ca3ce0dbfbef35c4b3a4a774da66d66ea20f4bda601294ad2ea6092",
                "sha256:63638d875be8c2784cfc952c9ac34e2b50e43f9f0a0660b65e2a87d656b3116c",
                "sha256:6472a178e291b59e7f16ab49ec8b4f3bdada0a879c68d3817ff0963e722a82ce",
                "sha256:68641a34023d306be959101b345732360fc2ea4938982309b786f7be1b43a4a1",
                "sha256:6e82d38390a03da28c7985b394ec3f56873174e2c88130e6966cb1c946508e65",
                "sha256:761df5313dc15da1502b21453642d7599d26be88bff659382f8f9747c7ebea4e",
                "sha256:7af0dd86ddb2f8af5da57a976d27cd2cd15510518d582b478fbb2292428710b4",
                "sha256:7b1e9b80afca7b7a386ef087db614faebbf8839b7f4db5eb107d0f1a53225029",
                "sha256:874a52ecab70af13e899f7847b3e074eeb16ebac5615665db33bce8a1009cf33",
                "sha256:887dd9aac71765ac0d0bac1d0d4b4f2c99d5f5c1382d8b770404f0f3d0ce8a39",
                "sha256:8b344adbb9a862de0c635f4f0425b7958bf5a4b927c8594e6e8d261775796d53",
                "sha256:8fc53f9af09426a61db9ba357865c77f26076d48669f2e1bb24d85a22fb52307",
                "sha256:91920527dea30175cc02a1099f331aa8c1ba39bf8b7762b7b56cbf54bc5cce42",
                "sha256:93cd1967a18aa0edd4b95b1dfd554cf15af657cb606280996d393dadc88c3c35",
                "sha256:99485cab9ba0fa9b84f1f9e1fef106f44a46ef6afdeec8885e0b88d0772b49e8",
                "sha256:9d29409b625a143649d03d0fd7b57e4b92e0ecad9726ba682244b73be91d2fdb",
                "sha256:a29b3ca4ec9defec6d42bf5feb36bb5817ba3c0230dd83b4edf4bf02684cd0ae",
                "sha256:a9e1f75f96ea388fbcef36c70640c4efbe4650658f3d6a2967b4cc70e907352e",
                "sha256:accfe7e982411da3178ec690baaceaad3c278652998b2c45828aaac66cd8285f",
                "sha256:adf20d9a67e0b6393eac162eb81fb10bc9130a80540f4df7e7355c2dd4af9fba",
                "sha256:af9813db73395fb1fc211bac696faea4ca9ef53f32dc0cfa27e4e7cf766dcf24",
                "sha256:b1c8068513f5b158cf7e29c43a77eb34b407db29aca749d3eb9293ee0d3103ca",
                "sha256:bda845b664bb6c91446ca9609fc69f7db6c334ec5e4adc87571c34e4f47b7ddb",
                "sha256:c381bda330ddf2fccbafab789d83ebc6c53db126e4383e73794c74eedce855ef",
                "sha256:c3ae8e75eb7160851e59adc77b3a19a976e50622e44fd4fd47b8b18208189d42",
                "sha256:d1c1b569ecafe3a69380a94e6ae09a4789bbb23666f3d3a08d06bbd2451f5ef1",
                "sha256:def68d7c21984b0f8218e8a15d514f714d96904265164f75f8d3a70f9c295667",
                "sha256:dffc08ca91c9ac09008870c9eb77b00a46b3378719584059c034b8945e26b272",
                "sha256:e3699852e22aa68c10de06524a3721ade969abf382da95884e6a10ff798f9281",
                "sha256:e847774f8ffd5b398a75bc1c18fbb56564cda3d629fe68fd81971fece2d3c67e",
                "sha256:ffb7a888a047696e7f8240d649b43fb3644f14f0ee229077e7f6b9f9081635bd"
            ],
            "index": "pypi",
            "version": "==2.9.3"
        },
        "pycryptodome": {
            "hashes": [
                "sha256:08be50d4195edd595df580077bbeec5599d0e5aa0cc468083178ae870e0b29f4",
                "sha256:0d0b6cca6b707b2c7cd4177c2d3cd950efa959ed8f01c30e676f102c68156f00",
                "sha256:0ffbca43c1788243421a8583d85acb59f4cd0b82b001c485fdc3fbfd8fd0804f",
                "sha256:11167a1f892283e5320feb5e81589fd041a1822b94c047820f00bc03eb98a9f7",
                "sha256:16c171dd969c9046b7b304c6ba0c643624dcf18093a66bd30b8b091703f177a2",
                "sha256:1714ea5f83bcff25e8ae4640e22359d7a0815157a29d9f4eebc2b9e975a3cda0",
                "sha256:22a8629315c76d2bec57bc4fd67eb7e01664c3e3b9579df40f530ee5821db1de",
                "sha256:2ed4da8f8afe44895c1f49ae1141a55b15d81dc745b5baa7b7a7265d7b40b81e",
                "sha256:3a011b9fe674bd21056613e88a3e660c56f1b47263138ebf420aa3ee4b8b0107",
                "sha256:3fd50e3682ac3a684ace5b90ba1aef8090a78eeadf38c1ec385aad3a599cfd68",
                "sha256:41dbb8c2129d43f34ed555cbd365d5e8f023ef0f9238fd9cd0302086b15a38b3",
                "sha256:625f78ad69aa3c45e19b85b9e9cae3a30aa4a1de6b908981a63426b88e860489",
                "sha256:69b85d78f7db628370d2cc87f1c41a449f6460896ba95f412173618f75027c2c",
                "sha256:74918d5de06b12fef2255135bede41307a5f7b929b145ad867111525aea075dc",
                "sha256:7d667daa851b1f9a20f2b5cad3cff13fba5204bc2f857d12f27c25b178d8629b",
                "sha256:7e3851e4fbbab72d9b30f98a504f450cc61e497e8e4b0be8205dc198703eee4d",
                "sha256:89bb56cfd1fb74663842710bc41a6be26dafceb60eb8d432536891aea08a3740",
                "sha256:8f0da308fca149b4c4da78e1388f82d8dd167e0ce12992a44f81b506cede3109",
                "sha256:9006f17944efaacc3be364c01c2253c00a00f0b5fa5a1a85a1191efd861e764d",
                "sha256:95bac6e55411650933f3b615e57bf0966bf08f3ce07c01f07482ced95f18cbec",
                "sha256:9b454af09914807cef1222d100a8c523737a160347cb8d699facc4bdfb9fe725",
                "sha256:9d939a257117cc8c6840ad69f149b3ca5e07268cfe0429bd9feec0f91da2343d",
                "sha256:a1c116dd7a00aac631f67920912fd8ef7a5ad3402cd4d497c6f5cc6b8115747b",
                "sha256:bba348d2823315ab8ebe44f0b2fc2ff8dfac8de881713a08def3dadcfc8e92bb",
                "sha256:bd800856e6dea6924504795ae4ec0d822e912e0a9a215e73b77b585c4d15a0f7",
                "sha256:c2b6faabd09d2876f9050f8af5d78046d81fe856f99e801c2ddab85b59602007",
                "sha256:c30a98c8718ae93d44680a7038adb484a520319860747ba43b6cd0a20f6b5984",
                "sha256:ceea92a4b8ba6c50d8d70f2efbb4ea14b002dac4160ce4dda33f1b7442f8158a",
                "sha256:d186e34747985fbd94df7ed4d621f8377165053a06872314c2a594af34741655",
                "sha256:e972f566ef7b821c8b958dab64174afa072f8271b779e32444ad7c127b0a84b2"
            ],
            "markers": "python_version >= '2.7' and python_version not in '3.0, 3.1, 3.2, 3.3, 3.4'",
            "version": "==3.14.0"
        },
        "pyjwt": {
            "hashes": [
                "sha256:b888b4d56f06f6dcd777210c334e69c737be74755d3e5e9ee3fe67dc18a0ee41",
                "sha256:e0c4bb8d9f0af0c7f5b1ec4c5036309617d03d56932877f2f7a0beeb5318322f"
            ],
            "markers": "python_version >= '3.6'",
            "version": "==2.3.0"
        },
        "pytz": {
            "hashes": [
                "sha256:3672058bc3453457b622aab7a1c3bfd5ab0bdae451512f6cf25f64ed37f5b87c",
                "sha256:acad2d8b20a1af07d4e4c9d2e9285c5ed9104354062f275f3fcd88dcef4f1326"
            ],
            "version": "==2021.3"
        },
        "sqlparse": {
            "hashes": [
                "sha256:0c00730c74263a94e5a9919ade150dfc3b19c574389985446148402998287dae",
                "sha256:48719e356bb8b42991bdbb1e8b83223757b93789c00910a616a071910ca4a64d"
            ],
            "markers": "python_version >= '3.5'",
            "version": "==0.4.2"
        },
        "tzdata": {
            "hashes": [
                "sha256:3eee491e22ebfe1e5cfcc97a4137cd70f092ce59144d81f8924a844de05ba8f5",
                "sha256:68dbe41afd01b867894bbdfd54fa03f468cfa4f0086bfb4adcd8de8f24f3ee21"
            ],
            "markers": "sys_platform == 'win32'",
            "version": "==2021.5"
        }
    },
    "develop": {}
}
